// !$*UTF8*$!
{
	archiveVersion = 1;
	classes = {
	};
	objectVersion = 55;
	objects = {

/* Begin PBXBuildFile section */
		6D17232F28A0CD9F00D98279 /* main.swift in Sources */ = {isa = PBXBuildFile; fileRef = 6D17232E28A0CD9F00D98279 /* main.swift */; };
		6D17233728A0CDD900D98279 /* AddressBook.swift in Sources */ = {isa = PBXBuildFile; fileRef = 6D17233628A0CDD900D98279 /* AddressBook.swift */; };
		6D17233D28A0E94300D98279 /* SearchContact.swift in Sources */ = {isa = PBXBuildFile; fileRef = 6D17233C28A0E94300D98279 /* SearchContact.swift */; };
		6D9E2BD328A0FA29009E346F /* SortContact.swift in Sources */ = {isa = PBXBuildFile; fileRef = 6D9E2BD228A0FA29009E346F /* SortContact.swift */; };
		6D9E2BD628A103FD009E346F /* ContactDictionary.swift in Sources */ = {isa = PBXBuildFile; fileRef = 6D9E2BD528A103FD009E346F /* ContactDictionary.swift */; };
/* End PBXBuildFile section */

/* Begin PBXCopyFilesBuildPhase section */
		6D17232928A0CD9F00D98279 /* CopyFiles */ = {
			isa = PBXCopyFilesBuildPhase;
			buildActionMask = 2147483647;
			dstPath = /usr/share/man/man1/;
			dstSubfolderSpec = 0;
			files = (
			);
			runOnlyForDeploymentPostprocessing = 1;
		};
/* End PBXCopyFilesBuildPhase section */

/* Begin PBXFileReference section */
		6D17232B28A0CD9F00D98279 /* AddressBookConsole */ = {isa = PBXFileReference; explicitFileType = "compiled.mach-o.executable"; includeInIndex = 0; path = AddressBookConsole; sourceTree = BUILT_PRODUCTS_DIR; };
		6D17232E28A0CD9F00D98279 /* main.swift */ = {isa = PBXFileReference; lastKnownFileType = sourcecode.swift; path = main.swift; sourceTree = "<group>"; };
		6D17233628A0CDD900D98279 /* AddressBook.swift */ = {isa = PBXFileReference; lastKnownFileType = sourcecode.swift; path = AddressBook.swift; sourceTree = "<group>"; };
		6D17233828A0D87800D98279 /* ReadMe.md */ = {isa = PBXFileReference; lastKnownFileType = net.daringfireball.markdown; path = ReadMe.md; sourceTree = "<group>"; };
		6D17233C28A0E94300D98279 /* SearchContact.swift */ = {isa = PBXFileReference; lastKnownFileType = sourcecode.swift; path = SearchContact.swift; sourceTree = "<group>"; };
		6D9E2BD228A0FA29009E346F /* SortContact.swift */ = {isa = PBXFileReference; lastKnownFileType = sourcecode.swift; path = SortContact.swift; sourceTree = "<group>"; };
		6D9E2BD528A103FD009E346F /* ContactDictionary.swift */ = {isa = PBXFileReference; lastKnownFileType = sourcecode.swift; path = ContactDictionary.swift; sourceTree = "<group>"; };
/* End PBXFileReference section */

/* Begin PBXFrameworksBuildPhase section */
		6D17232828A0CD9F00D98279 /* Frameworks */ = {
			isa = PBXFrameworksBuildPhase;
			buildActionMask = 2147483647;
			files = (
			);
			runOnlyForDeploymentPostprocessing = 0;
		};
/* End PBXFrameworksBuildPhase section */

/* Begin PBXGroup section */
		6D17232228A0CD9E00D98279 = {
			isa = PBXGroup;
			children = (
				6D17232D28A0CD9F00D98279 /* AddressBookConsole */,
				6D17232C28A0CD9F00D98279 /* Products */,
			);
			sourceTree = "<group>";
		};
		6D17232C28A0CD9F00D98279 /* Products */ = {
			isa = PBXGroup;
			children = (
				6D17232B28A0CD9F00D98279 /* AddressBookConsole */,
			);
			name = Products;
			sourceTree = "<group>";
		};
		6D17232D28A0CD9F00D98279 /* AddressBookConsole */ = {
			isa = PBXGroup;
			children = (
				6D9E2BD428A103DC009E346F /* ContactDictionary */,
				6D9E2BD128A0FA0E009E346F /* SortContact */,
				6D17233B28A0E92400D98279 /* SearchContact */,
				6D17233528A0CDBA00D98279 /* AddressBook */,
				6D17232E28A0CD9F00D98279 /* main.swift */,
				6D17233828A0D87800D98279 /* ReadMe.md */,
			);
			path = AddressBookConsole;
			sourceTree = "<group>";
		};
		6D17233528A0CDBA00D98279 /* AddressBook */ = {
			isa = PBXGroup;
			children = (
				6D17233628A0CDD900D98279 /* AddressBook.swift */,
			);
			path = AddressBook;
			sourceTree = "<group>";
		};
		6D17233B28A0E92400D98279 /* SearchContact */ = {
			isa = PBXGroup;
			children = (
				6D17233C28A0E94300D98279 /* SearchContact.swift */,
			);
			path = SearchContact;
			sourceTree = "<group>";
		};
		6D9E2BD128A0FA0E009E346F /* SortContact */ = {
			isa = PBXGroup;
			children = (
				6D9E2BD228A0FA29009E346F /* SortContact.swift */,
			);
			path = SortContact;
			sourceTree = "<group>";
		};
		6D9E2BD428A103DC009E346F /* ContactDictionary */ = {
			isa = PBXGroup;
			children = (
				6D9E2BD528A103FD009E346F /* ContactDictionary.swift */,
			);
			path = ContactDictionary;
			sourceTree = "<group>";
		};
/* End PBXGroup section */

/* Begin PBXNativeTarget section */
		6D17232A28A0CD9F00D98279 /* AddressBookConsole */ = {
			isa = PBXNativeTarget;
			buildConfigurationList = 6D17233228A0CD9F00D98279 /* Build configuration list for PBXNativeTarget "AddressBookConsole" */;
			buildPhases = (
				6D17232728A0CD9F00D98279 /* Sources */,
				6D17232828A0CD9F00D98279 /* Frameworks */,
				6D17232928A0CD9F00D98279 /* CopyFiles */,
			);
			buildRules = (
			);
			dependencies = (
			);
			name = AddressBookConsole;
			productName = AddressBookConsole;
			productReference = 6D17232B28A0CD9F00D98279 /* AddressBookConsole */;
			productType = "com.apple.product-type.tool";
		};
/* End PBXNativeTarget section */

/* Begin PBXProject section */
		6D17232328A0CD9E00D98279 /* Project object */ = {
			isa = PBXProject;
			attributes = {
				BuildIndependentTargetsInParallel = 1;
				LastSwiftUpdateCheck = 1340;
				LastUpgradeCheck = 1340;
				TargetAttributes = {
					6D17232A28A0CD9F00D98279 = {
						CreatedOnToolsVersion = 13.4;
					};
				};
			};
			buildConfigurationList = 6D17232628A0CD9E00D98279 /* Build configuration list for PBXProject "AddressBookConsole" */;
			compatibilityVersion = "Xcode 13.0";
			developmentRegion = en;
			hasScannedForEncodings = 0;
			knownRegions = (
				en,
				Base,
			);
			mainGroup = 6D17232228A0CD9E00D98279;
			productRefGroup = 6D17232C28A0CD9F00D98279 /* Products */;
			projectDirPath = "";
			projectRoot = "";
			targets = (
				6D17232A28A0CD9F00D98279 /* AddressBookConsole */,
			);
		};
/* End PBXProject section */

/* Begin PBXSourcesBuildPhase section */
		6D17232728A0CD9F00D98279 /* Sources */ = {
			isa = PBXSourcesBuildPhase;
			buildActionMask = 2147483647;
			files = (
				6D9E2BD328A0FA29009E346F /* SortContact.swift in Sources */,
				6D17233D28A0E94300D98279 /* SearchContact.swift in Sources */,
				6D9E2BD628A103FD009E346F /* ContactDictionary.swift in Sources */,
				6D17232F28A0CD9F00D98279 /* main.swift in Sources */,
				6D17233728A0CDD900D98279 /* AddressBook.swift in Sources */,
			);
			runOnlyForDeploymentPostprocessing = 0;
		};
/* End PBXSourcesBuildPhase section */

/* Begin XCBuildConfiguration section */
		6D17233028A0CD9F00D98279 /* Debug */ = {
			isa = XCBuildConfiguration;
			buildSettings = {
				ALWAYS_SEARCH_USER_PATHS = NO;
				CLANG_ANALYZER_NONNULL = YES;
				CLANG_ANALYZER_NUMBER_OBJECT_CONVERSION = YES_AGGRESSIVE;
				CLANG_CXX_LANGUAGE_STANDARD = "gnu++17";
				CLANG_ENABLE_MODULES = YES;
				CLANG_ENABLE_OBJC_ARC = YES;
				CLANG_ENABLE_OBJC_WEAK = YES;
				CLANG_WARN_BLOCK_CAPTURE_AUTORELEASING = YES;
				CLANG_WARN_BOOL_CONVERSION = YES;
				CLANG_WARN_COMMA = YES;
				CLANG_WARN_CONSTANT_CONVERSION = YES;
				CLANG_WARN_DEPRECATED_OBJC_IMPLEMENTATIONS = YES;
				CLANG_WARN_DIRECT_OBJC_ISA_USAGE = YES_ERROR;
				CLANG_WARN_DOCUMENTATION_COMMENTS = YES;
				CLANG_WARN_EMPTY_BODY = YES;
				CLANG_WARN_ENUM_CONVERSION = YES;
				CLANG_WARN_INFINITE_RECURSION = YES;
				CLANG_WARN_INT_CONVERSION = YES;
				CLANG_WARN_NON_LITERAL_NULL_CONVERSION = YES;
				CLANG_WARN_OBJC_IMPLICIT_RETAIN_SELF = YES;
				CLANG_WARN_OBJC_LITERAL_CONVERSION = YES;
				CLANG_WARN_OBJC_ROOT_CLASS = YES_ERROR;
				CLANG_WARN_QUOTED_INCLUDE_IN_FRAMEWORK_HEADER = YES;
				CLANG_WARN_RANGE_LOOP_ANALYSIS = YES;
				CLANG_WARN_STRICT_PROTOTYPES = YES;
				CLANG_WARN_SUSPICIOUS_MOVE = YES;
				CLANG_WARN_UNGUARDED_AVAILABILITY = YES_AGGRESSIVE;
				CLANG_WARN_UNREACHABLE_CODE = YES;
				CLANG_WARN__DUPLICATE_METHOD_MATCH = YES;
				COPY_PHASE_STRIP = NO;
				DEBUG_INFORMATION_FORMAT = dwarf;
				ENABLE_STRICT_OBJC_MSGSEND = YES;
				ENABLE_TESTABILITY = YES;
				GCC_C_LANGUAGE_STANDARD = gnu11;
				GCC_DYNAMIC_NO_PIC = NO;
				GCC_NO_COMMON_BLOCKS = YES;
				GCC_OPTIMIZATION_LEVEL = 0;
				GCC_PREPROCESSOR_DEFINITIONS = (
					"DEBUG=1",
					"$(inherited)",
				);
				GCC_WARN_64_TO_32_BIT_CONVERSION = YES;
				GCC_WARN_ABOUT_RETURN_TYPE = YES_ERROR;
				GCC_WARN_UNDECLARED_SELECTOR = YES;
				GCC_WARN_UNINITIALIZED_AUTOS = YES_AGGRESSIVE;
				GCC_WARN_UNUSED_FUNCTION = YES;
				GCC_WARN_UNUSED_VARIABLE = YES;
				MACOSX_DEPLOYMENT_TARGET = 12.3;
				MTL_ENABLE_DEBUG_INFO = INCLUDE_SOURCE;
				MTL_FAST_MATH = YES;
				ONLY_ACTIVE_ARCH = YES;
				SDKROOT = macosx;
				SWIFT_ACTIVE_COMPILATION_CONDITIONS = DEBUG;
				SWIFT_OPTIMIZATION_LEVEL = "-Onone";
			};
			name = Debug;
		};
		6D17233128A0CD9F00D98279 /* Release */ = {
			isa = XCBuildConfiguration;
			buildSettings = {
				ALWAYS_SEARCH_USER_PATHS = NO;
				CLANG_ANALYZER_NONNULL = YES;
				CLANG_ANALYZER_NUMBER_OBJECT_CONVERSION = YES_AGGRESSIVE;
				CLANG_CXX_LANGUAGE_STANDARD = "gnu++17";
				CLANG_ENABLE_MODULES = YES;
				CLANG_ENABLE_OBJC_ARC = YES;
				CLANG_ENABLE_OBJC_WEAK = YES;
				CLANG_WARN_BLOCK_CAPTURE_AUTORELEASING = YES;
				CLANG_WARN_BOOL_CONVERSION = YES;
				CLANG_WARN_COMMA = YES;
				CLANG_WARN_CONSTANT_CONVERSION = YES;
				CLANG_WARN_DEPRECATED_OBJC_IMPLEMENTATIONS = YES;
				CLANG_WARN_DIRECT_OBJC_ISA_USAGE = YES_ERROR;
				CLANG_WARN_DOCUMENTATION_COMMENTS = YES;
				CLANG_WARN_EMPTY_BODY = YES;
				CLANG_WARN_ENUM_CONVERSION = YES;
				CLANG_WARN_INFINITE_RECURSION = YES;
				CLANG_WARN_INT_CONVERSION = YES;
				CLANG_WARN_NON_LITERAL_NULL_CONVERSION = YES;
				CLANG_WARN_OBJC_IMPLICIT_RETAIN_SELF = YES;
				CLANG_WARN_OBJC_LITERAL_CONVERSION = YES;
				CLANG_WARN_OBJC_ROOT_CLASS = YES_ERROR;
				CLANG_WARN_QUOTED_INCLUDE_IN_FRAMEWORK_HEADER = YES;
				CLANG_WARN_RANGE_LOOP_ANALYSIS = YES;
				CLANG_WARN_STRICT_PROTOTYPES = YES;
				CLANG_WARN_SUSPICIOUS_MOVE = YES;
				CLANG_WARN_UNGUARDED_AVAILABILITY = YES_AGGRESSIVE;
				CLANG_WARN_UNREACHABLE_CODE = YES;
				CLANG_WARN__DUPLICATE_METHOD_MATCH = YES;
				COPY_PHASE_STRIP = NO;
				DEBUG_INFORMATION_FORMAT = "dwarf-with-dsym";
				ENABLE_NS_ASSERTIONS = NO;
				ENABLE_STRICT_OBJC_MSGSEND = YES;
				GCC_C_LANGUAGE_STANDARD = gnu11;
				GCC_NO_COMMON_BLOCKS = YES;
				GCC_WARN_64_TO_32_BIT_CONVERSION = YES;
				GCC_WARN_ABOUT_RETURN_TYPE = YES_ERROR;
				GCC_WARN_UNDECLARED_SELECTOR = YES;
				GCC_WARN_UNINITIALIZED_AUTOS = YES_AGGRESSIVE;
				GCC_WARN_UNUSED_FUNCTION = YES;
				GCC_WARN_UNUSED_VARIABLE = YES;
				MACOSX_DEPLOYMENT_TARGET = 12.3;
				MTL_ENABLE_DEBUG_INFO = NO;
				MTL_FAST_MATH = YES;
				SDKROOT = macosx;
				SWIFT_COMPILATION_MODE = wholemodule;
				SWIFT_OPTIMIZATION_LEVEL = "-O";
			};
			name = Release;
		};
		6D17233328A0CD9F00D98279 /* Debug */ = {
			isa = XCBuildConfiguration;
			buildSettings = {
				CODE_SIGN_STYLE = Automatic;
				DEVELOPMENT_TEAM = 6238AACFGX;
				ENABLE_HARDENED_RUNTIME = YES;
				PRODUCT_NAME = "$(TARGET_NAME)";
				SWIFT_VERSION = 5.0;
			};
			name = Debug;
		};
		6D17233428A0CD9F00D98279 /* Release */ = {
			isa = XCBuildConfiguration;
			buildSettings = {
				CODE_SIGN_STYLE = Automatic;
				DEVELOPMENT_TEAM = 6238AACFGX;
				ENABLE_HARDENED_RUNTIME = YES;
				PRODUCT_NAME = "$(TARGET_NAME)";
				SWIFT_VERSION = 5.0;
			};
			name = Release;
		};
/* End XCBuildConfiguration section */

/* Begin XCConfigurationList section */
		6D17232628A0CD9E00D98279 /* Build configuration list for PBXProject "AddressBookConsole" */ = {
			isa = XCConfigurationList;
			buildConfigurations = (
				6D17233028A0CD9F00D98279 /* Debug */,
				6D17233128A0CD9F00D98279 /* Release */,
			);
			defaultConfigurationIsVisible = 0;
			defaultConfigurationName = Release;
		};
		6D17233228A0CD9F00D98279 /* Build configuration list for PBXNativeTarget "AddressBookConsole" */ = {
			isa = XCConfigurationList;
			buildConfigurations = (
				6D17233328A0CD9F00D98279 /* Debug */,
				6D17233428A0CD9F00D98279 /* Release */,
			);
			defaultConfigurationIsVisible = 0;
			defaultConfigurationName = Release;
		};
/* End XCConfigurationList section */
	};
	rootObject = 6D17232328A0CD9E00D98279 /* Project object */;
}
